// !$*UTF8*$!
{
	archiveVersion = 1;
	classes = {
	};
	objectVersion = 55;
	objects = {

/* Begin PBXBuildFile section */
		2DFC31C127CDB5F9004DC275 /* AppDelegate.swift in Sources */ = {isa = PBXBuildFile; fileRef = 2DFC31C027CDB5F9004DC275 /* AppDelegate.swift */; };
		2DFC31C527CDB5F9004DC275 /* ViewController.swift in Sources */ = {isa = PBXBuildFile; fileRef = 2DFC31C427CDB5F9004DC275 /* ViewController.swift */; };
		2DFC31C827CDB5F9004DC275 /* Main.storyboard in Resources */ = {isa = PBXBuildFile; fileRef = 2DFC31C627CDB5F9004DC275 /* Main.storyboard */; };
		2DFC31CA27CDB5FA004DC275 /* Assets.xcassets in Resources */ = {isa = PBXBuildFile; fileRef = 2DFC31C927CDB5FA004DC275 /* Assets.xcassets */; };
		2DFC31CD27CDB5FA004DC275 /* LaunchScreen.storyboard in Resources */ = {isa = PBXBuildFile; fileRef = 2DFC31CB27CDB5FA004DC275 /* LaunchScreen.storyboard */; };
		2DFC31D727CDB846004DC275 /* AttributeLabel.swift in Sources */ = {isa = PBXBuildFile; fileRef = 2DFC31D627CDB846004DC275 /* AttributeLabel.swift */; };
		2DFC31DA27CDD14E004DC275 /* CollectionPrint.swift in Sources */ = {isa = PBXBuildFile; fileRef = 2DFC31D927CDD14E004DC275 /* CollectionPrint.swift */; };
		2DFC31DC27CDED63004DC275 /* TypeDowncast.swift in Sources */ = {isa = PBXBuildFile; fileRef = 2DFC31DB27CDED63004DC275 /* TypeDowncast.swift */; };
		2DFC31DE27CDF130004DC275 /* WeakArray.swift in Sources */ = {isa = PBXBuildFile; fileRef = 2DFC31DD27CDF130004DC275 /* WeakArray.swift */; };
		2DFC31E027CDF4B1004DC275 /* ArrayExtend.swift in Sources */ = {isa = PBXBuildFile; fileRef = 2DFC31DF27CDF4B1004DC275 /* ArrayExtend.swift */; };
		2DFC31E227CDF77F004DC275 /* DeviceSize.swift in Sources */ = {isa = PBXBuildFile; fileRef = 2DFC31E127CDF77F004DC275 /* DeviceSize.swift */; };
/* End PBXBuildFile section */

/* Begin PBXFileReference section */
		2DFC31BD27CDB5F9004DC275 /* SwiftUtils.app */ = {isa = PBXFileReference; explicitFileType = wrapper.application; includeInIndex = 0; path = SwiftUtils.app; sourceTree = BUILT_PRODUCTS_DIR; };
		2DFC31C027CDB5F9004DC275 /* AppDelegate.swift */ = {isa = PBXFileReference; lastKnownFileType = sourcecode.swift; path = AppDelegate.swift; sourceTree = "<group>"; };
		2DFC31C427CDB5F9004DC275 /* ViewController.swift */ = {isa = PBXFileReference; lastKnownFileType = sourcecode.swift; path = ViewController.swift; sourceTree = "<group>"; };
		2DFC31C727CDB5F9004DC275 /* Base */ = {isa = PBXFileReference; lastKnownFileType = file.storyboard; name = Base; path = Base.lproj/Main.storyboard; sourceTree = "<group>"; };
		2DFC31C927CDB5FA004DC275 /* Assets.xcassets */ = {isa = PBXFileReference; lastKnownFileType = folder.assetcatalog; path = Assets.xcassets; sourceTree = "<group>"; };
		2DFC31CC27CDB5FA004DC275 /* Base */ = {isa = PBXFileReference; lastKnownFileType = file.storyboard; name = Base; path = Base.lproj/LaunchScreen.storyboard; sourceTree = "<group>"; };
		2DFC31CE27CDB5FA004DC275 /* Info.plist */ = {isa = PBXFileReference; lastKnownFileType = text.plist.xml; path = Info.plist; sourceTree = "<group>"; };
		2DFC31D427CDB7C4004DC275 /* MyPlayground.playground */ = {isa = PBXFileReference; lastKnownFileType = file.playground; path = MyPlayground.playground; sourceTree = "<group>"; xcLanguageSpecificationIdentifier = xcode.lang.swift; };
		2DFC31D627CDB846004DC275 /* AttributeLabel.swift */ = {isa = PBXFileReference; lastKnownFileType = sourcecode.swift; path = AttributeLabel.swift; sourceTree = "<group>"; };
		2DFC31D927CDD14E004DC275 /* CollectionPrint.swift */ = {isa = PBXFileReference; lastKnownFileType = sourcecode.swift; path = CollectionPrint.swift; sourceTree = "<group>"; };
		2DFC31DB27CDED63004DC275 /* TypeDowncast.swift */ = {isa = PBXFileReference; lastKnownFileType = sourcecode.swift; path = TypeDowncast.swift; sourceTree = "<group>"; };
		2DFC31DD27CDF130004DC275 /* WeakArray.swift */ = {isa = PBXFileReference; lastKnownFileType = sourcecode.swift; path = WeakArray.swift; sourceTree = "<group>"; };
		2DFC31DF27CDF4B1004DC275 /* ArrayExtend.swift */ = {isa = PBXFileReference; lastKnownFileType = sourcecode.swift; path = ArrayExtend.swift; sourceTree = "<group>"; };
		2DFC31E127CDF77F004DC275 /* DeviceSize.swift */ = {isa = PBXFileReference; lastKnownFileType = sourcecode.swift; path = DeviceSize.swift; sourceTree = "<group>"; };
/* End PBXFileReference section */

/* Begin PBXFrameworksBuildPhase section */
		2DFC31BA27CDB5F9004DC275 /* Frameworks */ = {
			isa = PBXFrameworksBuildPhase;
			buildActionMask = 2147483647;
			files = (
			);
			runOnlyForDeploymentPostprocessing = 0;
		};
/* End PBXFrameworksBuildPhase section */

/* Begin PBXGroup section */
		2DFC31B427CDB5F9004DC275 = {
			isa = PBXGroup;
			children = (
				2DFC31BF27CDB5F9004DC275 /* SwiftUtils */,
				2DFC31BE27CDB5F9004DC275 /* Products */,
			);
			sourceTree = "<group>";
		};
		2DFC31BE27CDB5F9004DC275 /* Products */ = {
			isa = PBXGroup;
			children = (
				2DFC31BD27CDB5F9004DC275 /* SwiftUtils.app */,
			);
			name = Products;
			sourceTree = "<group>";
		};
		2DFC31BF27CDB5F9004DC275 /* SwiftUtils */ = {
			isa = PBXGroup;
			children = (
				2DFC31D527CDB7EE004DC275 /* utils */,
				2DFC31C027CDB5F9004DC275 /* AppDelegate.swift */,
				2DFC31C427CDB5F9004DC275 /* ViewController.swift */,
				2DFC31D427CDB7C4004DC275 /* MyPlayground.playground */,
				2DFC31C627CDB5F9004DC275 /* Main.storyboard */,
				2DFC31C927CDB5FA004DC275 /* Assets.xcassets */,
				2DFC31CB27CDB5FA004DC275 /* LaunchScreen.storyboard */,
				2DFC31CE27CDB5FA004DC275 /* Info.plist */,
			);
			path = SwiftUtils;
			sourceTree = "<group>";
		};
		2DFC31D527CDB7EE004DC275 /* utils */ = {
			isa = PBXGroup;
			children = (
				2DFC31D627CDB846004DC275 /* AttributeLabel.swift */,
				2DFC31D927CDD14E004DC275 /* CollectionPrint.swift */,
				2DFC31DB27CDED63004DC275 /* TypeDowncast.swift */,
				2DFC31DD27CDF130004DC275 /* WeakArray.swift */,
				2DFC31DF27CDF4B1004DC275 /* ArrayExtend.swift */,
				2DFC31E127CDF77F004DC275 /* DeviceSize.swift */,
			);
			path = utils;
			sourceTree = "<group>";
		};
/* End PBXGroup section */

/* Begin PBXNativeTarget section */
		2DFC31BC27CDB5F9004DC275 /* SwiftUtils */ = {
			isa = PBXNativeTarget;
			buildConfigurationList = 2DFC31D127CDB5FA004DC275 /* Build configuration list for PBXNativeTarget "SwiftUtils" */;
			buildPhases = (
				2DFC31B927CDB5F9004DC275 /* Sources */,
				2DFC31BA27CDB5F9004DC275 /* Frameworks */,
				2DFC31BB27CDB5F9004DC275 /* Resources */,
			);
			buildRules = (
			);
			dependencies = (
			);
			name = SwiftUtils;
			productName = SwiftUtils;
			productReference = 2DFC31BD27CDB5F9004DC275 /* SwiftUtils.app */;
			productType = "com.apple.product-type.application";
		};
/* End PBXNativeTarget section */

/* Begin PBXProject section */
		2DFC31B527CDB5F9004DC275 /* Project object */ = {
			isa = PBXProject;
			attributes = {
				BuildIndependentTargetsInParallel = 1;
				LastSwiftUpdateCheck = 1330;
				LastUpgradeCheck = 1330;
				TargetAttributes = {
					2DFC31BC27CDB5F9004DC275 = {
						CreatedOnToolsVersion = 13.3;
					};
				};
			};
			buildConfigurationList = 2DFC31B827CDB5F9004DC275 /* Build configuration list for PBXProject "SwiftUtils" */;
			compatibilityVersion = "Xcode 13.0";
			developmentRegion = en;
			hasScannedForEncodings = 0;
			knownRegions = (
				en,
				Base,
			);
			mainGroup = 2DFC31B427CDB5F9004DC275;
			productRefGroup = 2DFC31BE27CDB5F9004DC275 /* Products */;
			projectDirPath = "";
			projectRoot = "";
			targets = (
				2DFC31BC27CDB5F9004DC275 /* SwiftUtils */,
			);
		};
/* End PBXProject section */

/* Begin PBXResourcesBuildPhase section */
		2DFC31BB27CDB5F9004DC275 /* Resources */ = {
			isa = PBXResourcesBuildPhase;
			buildActionMask = 2147483647;
			files = (
				2DFC31CD27CDB5FA004DC275 /* LaunchScreen.storyboard in Resources */,
				2DFC31CA27CDB5FA004DC275 /* Assets.xcassets in Resources */,
				2DFC31C827CDB5F9004DC275 /* Main.storyboard in Resources */,
			);
			runOnlyForDeploymentPostprocessing = 0;
		};
/* End PBXResourcesBuildPhase section */

/* Begin PBXSourcesBuildPhase section */
		2DFC31B927CDB5F9004DC275 /* Sources */ = {
			isa = PBXSourcesBuildPhase;
			buildActionMask = 2147483647;
			files = (
				2DFC31C527CDB5F9004DC275 /* ViewController.swift in Sources */,
				2DFC31DE27CDF130004DC275 /* WeakArray.swift in Sources */,
				2DFC31DC27CDED63004DC275 /* TypeDowncast.swift in Sources */,
				2DFC31DA27CDD14E004DC275 /* CollectionPrint.swift in Sources */,
				2DFC31E027CDF4B1004DC275 /* ArrayExtend.swift in Sources */,
				2DFC31C127CDB5F9004DC275 /* AppDelegate.swift in Sources */,
				2DFC31E227CDF77F004DC275 /* DeviceSize.swift in Sources */,
				2DFC31D727CDB846004DC275 /* AttributeLabel.swift in Sources */,
			);
			runOnlyForDeploymentPostprocessing = 0;
		};
/* End PBXSourcesBuildPhase section */

/* Begin PBXVariantGroup section */
		2DFC31C627CDB5F9004DC275 /* Main.storyboard */ = {
			isa = PBXVariantGroup;
			children = (
				2DFC31C727CDB5F9004DC275 /* Base */,
			);
			name = Main.storyboard;
			sourceTree = "<group>";
		};
		2DFC31CB27CDB5FA004DC275 /* LaunchScreen.storyboard */ = {
			isa = PBXVariantGroup;
			children = (
				2DFC31CC27CDB5FA004DC275 /* Base */,
			);
			name = LaunchScreen.storyboard;
			sourceTree = "<group>";
		};
/* End PBXVariantGroup section */

/* Begin XCBuildConfiguration section */
		2DFC31CF27CDB5FA004DC275 /* Debug */ = {
			isa = XCBuildConfiguration;
			buildSettings = {
				ALWAYS_SEARCH_USER_PATHS = NO;
				CLANG_ANALYZER_NONNULL = YES;
				CLANG_ANALYZER_NUMBER_OBJECT_CONVERSION = YES_AGGRESSIVE;
				CLANG_CXX_LANGUAGE_STANDARD = "gnu++17";
				CLANG_ENABLE_MODULES = YES;
				CLANG_ENABLE_OBJC_ARC = YES;
				CLANG_ENABLE_OBJC_WEAK = YES;
				CLANG_WARN_BLOCK_CAPTURE_AUTORELEASING = YES;
				CLANG_WARN_BOOL_CONVERSION = YES;
				CLANG_WARN_COMMA = YES;
				CLANG_WARN_CONSTANT_CONVERSION = YES;
				CLANG_WARN_DEPRECATED_OBJC_IMPLEMENTATIONS = YES;
				CLANG_WARN_DIRECT_OBJC_ISA_USAGE = YES_ERROR;
				CLANG_WARN_DOCUMENTATION_COMMENTS = YES;
				CLANG_WARN_EMPTY_BODY = YES;
				CLANG_WARN_ENUM_CONVERSION = YES;
				CLANG_WARN_INFINITE_RECURSION = YES;
				CLANG_WARN_INT_CONVERSION = YES;
				CLANG_WARN_NON_LITERAL_NULL_CONVERSION = YES;
				CLANG_WARN_OBJC_IMPLICIT_RETAIN_SELF = YES;
				CLANG_WARN_OBJC_LITERAL_CONVERSION = YES;
				CLANG_WARN_OBJC_ROOT_CLASS = YES_ERROR;
				CLANG_WARN_QUOTED_INCLUDE_IN_FRAMEWORK_HEADER = YES;
				CLANG_WARN_RANGE_LOOP_ANALYSIS = YES;
				CLANG_WARN_STRICT_PROTOTYPES = YES;
				CLANG_WARN_SUSPICIOUS_MOVE = YES;
				CLANG_WARN_UNGUARDED_AVAILABILITY = YES_AGGRESSIVE;
				CLANG_WARN_UNREACHABLE_CODE = YES;
				CLANG_WARN__DUPLICATE_METHOD_MATCH = YES;
				COPY_PHASE_STRIP = NO;
				DEBUG_INFORMATION_FORMAT = dwarf;
				ENABLE_STRICT_OBJC_MSGSEND = YES;
				ENABLE_TESTABILITY = YES;
				GCC_C_LANGUAGE_STANDARD = gnu11;
				GCC_DYNAMIC_NO_PIC = NO;
				GCC_NO_COMMON_BLOCKS = YES;
				GCC_OPTIMIZATION_LEVEL = 0;
				GCC_PREPROCESSOR_DEFINITIONS = (
					"DEBUG=1",
					"$(inherited)",
				);
				GCC_WARN_64_TO_32_BIT_CONVERSION = YES;
				GCC_WARN_ABOUT_RETURN_TYPE = YES_ERROR;
				GCC_WARN_UNDECLARED_SELECTOR = YES;
				GCC_WARN_UNINITIALIZED_AUTOS = YES_AGGRESSIVE;
				GCC_WARN_UNUSED_FUNCTION = YES;
				GCC_WARN_UNUSED_VARIABLE = YES;
				IPHONEOS_DEPLOYMENT_TARGET = 15.4;
				MTL_ENABLE_DEBUG_INFO = INCLUDE_SOURCE;
				MTL_FAST_MATH = YES;
				ONLY_ACTIVE_ARCH = YES;
				SDKROOT = iphoneos;
				SWIFT_ACTIVE_COMPILATION_CONDITIONS = DEBUG;
				SWIFT_OPTIMIZATION_LEVEL = "-Onone";
			};
			name = Debug;
		};
		2DFC31D027CDB5FA004DC275 /* Release */ = {
			isa = XCBuildConfiguration;
			buildSettings = {
				ALWAYS_SEARCH_USER_PATHS = NO;
				CLANG_ANALYZER_NONNULL = YES;
				CLANG_ANALYZER_NUMBER_OBJECT_CONVERSION = YES_AGGRESSIVE;
				CLANG_CXX_LANGUAGE_STANDARD = "gnu++17";
				CLANG_ENABLE_MODULES = YES;
				CLANG_ENABLE_OBJC_ARC = YES;
				CLANG_ENABLE_OBJC_WEAK = YES;
				CLANG_WARN_BLOCK_CAPTURE_AUTORELEASING = YES;
				CLANG_WARN_BOOL_CONVERSION = YES;
				CLANG_WARN_COMMA = YES;
				CLANG_WARN_CONSTANT_CONVERSION = YES;
				CLANG_WARN_DEPRECATED_OBJC_IMPLEMENTATIONS = YES;
				CLANG_WARN_DIRECT_OBJC_ISA_USAGE = YES_ERROR;
				CLANG_WARN_DOCUMENTATION_COMMENTS = YES;
				CLANG_WARN_EMPTY_BODY = YES;
				CLANG_WARN_ENUM_CONVERSION = YES;
				CLANG_WARN_INFINITE_RECURSION = YES;
				CLANG_WARN_INT_CONVERSION = YES;
				CLANG_WARN_NON_LITERAL_NULL_CONVERSION = YES;
				CLANG_WARN_OBJC_IMPLICIT_RETAIN_SELF = YES;
				CLANG_WARN_OBJC_LITERAL_CONVERSION = YES;
				CLANG_WARN_OBJC_ROOT_CLASS = YES_ERROR;
				CLANG_WARN_QUOTED_INCLUDE_IN_FRAMEWORK_HEADER = YES;
				CLANG_WARN_RANGE_LOOP_ANALYSIS = YES;
				CLANG_WARN_STRICT_PROTOTYPES = YES;
				CLANG_WARN_SUSPICIOUS_MOVE = YES;
				CLANG_WARN_UNGUARDED_AVAILABILITY = YES_AGGRESSIVE;
				CLANG_WARN_UNREACHABLE_CODE = YES;
				CLANG_WARN__DUPLICATE_METHOD_MATCH = YES;
				COPY_PHASE_STRIP = NO;
				DEBUG_INFORMATION_FORMAT = "dwarf-with-dsym";
				ENABLE_NS_ASSERTIONS = NO;
				ENABLE_STRICT_OBJC_MSGSEND = YES;
				GCC_C_LANGUAGE_STANDARD = gnu11;
				GCC_NO_COMMON_BLOCKS = YES;
				GCC_WARN_64_TO_32_BIT_CONVERSION = YES;
				GCC_WARN_ABOUT_RETURN_TYPE = YES_ERROR;
				GCC_WARN_UNDECLARED_SELECTOR = YES;
				GCC_WARN_UNINITIALIZED_AUTOS = YES_AGGRESSIVE;
				GCC_WARN_UNUSED_FUNCTION = YES;
				GCC_WARN_UNUSED_VARIABLE = YES;
				IPHONEOS_DEPLOYMENT_TARGET = 15.4;
				MTL_ENABLE_DEBUG_INFO = NO;
				MTL_FAST_MATH = YES;
				SDKROOT = iphoneos;
				SWIFT_COMPILATION_MODE = wholemodule;
				SWIFT_OPTIMIZATION_LEVEL = "-O";
				VALIDATE_PRODUCT = YES;
			};
			name = Release;
		};
		2DFC31D227CDB5FA004DC275 /* Debug */ = {
			isa = XCBuildConfiguration;
			buildSettings = {
				ASSETCATALOG_COMPILER_APPICON_NAME = AppIcon;
				ASSETCATALOG_COMPILER_GLOBAL_ACCENT_COLOR_NAME = AccentColor;
				CODE_SIGN_STYLE = Automatic;
				CURRENT_PROJECT_VERSION = 1;
				DEVELOPMENT_TEAM = RJ9SHE83UJ;
				GENERATE_INFOPLIST_FILE = YES;
				INFOPLIST_FILE = SwiftUtils/Info.plist;
				INFOPLIST_KEY_UIApplicationSupportsIndirectInputEvents = YES;
				INFOPLIST_KEY_UILaunchStoryboardName = LaunchScreen;
				INFOPLIST_KEY_UIMainStoryboardFile = Main;
				INFOPLIST_KEY_UISupportedInterfaceOrientations_iPad = "UIInterfaceOrientationPortrait UIInterfaceOrientationPortraitUpsideDown UIInterfaceOrientationLandscapeLeft UIInterfaceOrientationLandscapeRight";
				INFOPLIST_KEY_UISupportedInterfaceOrientations_iPhone = "UIInterfaceOrientationPortrait UIInterfaceOrientationLandscapeLeft UIInterfaceOrientationLandscapeRight";
				IPHONEOS_DEPLOYMENT_TARGET = 9.0;
				LD_RUNPATH_SEARCH_PATHS = (
					"$(inherited)",
					"@executable_path/Frameworks",
				);
				MARKETING_VERSION = 1.0;
				PRODUCT_BUNDLE_IDENTIFIER = com.liujiang.wildcard;
				PRODUCT_NAME = "$(TARGET_NAME)";
				SWIFT_EMIT_LOC_STRINGS = YES;
				SWIFT_VERSION = 5.0;
				TARGETED_DEVICE_FAMILY = "1,2";
			};
			name = Debug;
		};
		2DFC31D327CDB5FA004DC275 /* Release */ = {
			isa = XCBuildConfiguration;
			buildSettings = {
				ASSETCATALOG_COMPILER_APPICON_NAME = AppIcon;
				ASSETCATALOG_COMPILER_GLOBAL_ACCENT_COLOR_NAME = AccentColor;
				CODE_SIGN_STYLE = Automatic;
				CURRENT_PROJECT_VERSION = 1;
				DEVELOPMENT_TEAM = RJ9SHE83UJ;
				GENERATE_INFOPLIST_FILE = YES;
				INFOPLIST_FILE = SwiftUtils/Info.plist;
				INFOPLIST_KEY_UIApplicationSupportsIndirectInputEvents = YES;
				INFOPLIST_KEY_UILaunchStoryboardName = LaunchScreen;
				INFOPLIST_KEY_UIMainStoryboardFile = Main;
				INFOPLIST_KEY_UISupportedInterfaceOrientations_iPad = "UIInterfaceOrientationPortrait UIInterfaceOrientationPortraitUpsideDown UIInterfaceOrientationLandscapeLeft UIInterfaceOrientationLandscapeRight";
				INFOPLIST_KEY_UISupportedInterfaceOrientations_iPhone = "UIInterfaceOrientationPortrait UIInterfaceOrientationLandscapeLeft UIInterfaceOrientationLandscapeRight";
				IPHONEOS_DEPLOYMENT_TARGET = 9.0;
				LD_RUNPATH_SEARCH_PATHS = (
					"$(inherited)",
					"@executable_path/Frameworks",
				);
				MARKETING_VERSION = 1.0;
				PRODUCT_BUNDLE_IDENTIFIER = com.liujiang.wildcard;
				PRODUCT_NAME = "$(TARGET_NAME)";
				SWIFT_EMIT_LOC_STRINGS = YES;
				SWIFT_VERSION = 5.0;
				TARGETED_DEVICE_FAMILY = "1,2";
			};
			name = Release;
		};
/* End XCBuildConfiguration section */

/* Begin XCConfigurationList section */
		2DFC31B827CDB5F9004DC275 /* Build configuration list for PBXProject "SwiftUtils" */ = {
			isa = XCConfigurationList;
			buildConfigurations = (
				2DFC31CF27CDB5FA004DC275 /* Debug */,
				2DFC31D027CDB5FA004DC275 /* Release */,
			);
			defaultConfigurationIsVisible = 0;
			defaultConfigurationName = Release;
		};
		2DFC31D127CDB5FA004DC275 /* Build configuration list for PBXNativeTarget "SwiftUtils" */ = {
			isa = XCConfigurationList;
			buildConfigurations = (
				2DFC31D227CDB5FA004DC275 /* Debug */,
				2DFC31D327CDB5FA004DC275 /* Release */,
			);
			defaultConfigurationIsVisible = 0;
			defaultConfigurationName = Release;
		};
/* End XCConfigurationList section */
	};
	rootObject = 2DFC31B527CDB5F9004DC275 /* Project object */;
}
